PODS:
  - Alamofire (4.9.1)
  - Moya (14.0.0-alpha.1):
    - Moya/Core (= 14.0.0-alpha.1)
  - Moya/Core (14.0.0-alpha.1):
    - Alamofire (~> 4.1)
    - Result (~> 4.1)
  - Moya/RxSwift (14.0.0-alpha.1):
    - Moya/Core
    - RxSwift (~> 5.0)
  - Nuke (8.3.1)
  - Realm (4.1.1):
    - Realm/Headers (= 4.1.1)
  - Realm/Headers (4.1.1)
  - RealmSwift (4.1.1):
    - Realm (= 4.1.1)
  - Result (4.1.0)
  - RxCocoa (5.0.1):
    - RxRelay (~> 5)
    - RxSwift (~> 5)
  - RxRealm (2.0.0):
    - RealmSwift (~> 4.0)
    - RxSwift (~> 5.0)
  - RxRelay (5.0.1):
    - RxSwift (~> 5)
  - RxSwift (5.0.1)
  - RxTest (5.0.1):
    - RxSwift (~> 5)
  - SwiftyBeaver (1.8.3)

DEPENDENCIES:
  - Alamofire
  - Moya (= 14.0.0-alpha.1)
  - Moya/RxSwift (= 14.0.0-alpha.1)
  - Nuke
  - RxCocoa
  - RxRealm
  - RxSwift
  - RxTest
  - SwiftyBeaver

SPEC REPOS:
  trunk:
    - Alamofire
    - Moya
    - Nuke
    - Realm
    - RealmSwift
    - Result
    - RxCocoa
    - RxRealm
    - RxRelay
    - RxSwift
    - RxTest
    - SwiftyBeaver

SPEC CHECKSUMS:
  Alamofire: 85e8a02c69d6020a0d734f6054870d7ecb75cf18
  Moya: 65485239114b3b327a17dc2e839f6c8b7143aae9
  Nuke: 85fb80f8df0cb26c28d2f4e0cb7fb93bcd6548d3
  Realm: 25f0a8244cbb1c2271c922963ea8666fc2d8104d
  RealmSwift: 9e2657b33764f80e4a4dffd6d440e24715782052
  Result: bd966fac789cc6c1563440b348ab2598cc24d5c7
  RxCocoa: e741b9749968e8a143e2b787f1dfbff2b63d0a5c
  RxRealm: 900f5c7e6f0a2d6527b56eaf7283f3035ec1e8ba
  RxRelay: 89d54507f4fd4d969e6ec1d4bd7f3673640b4640
  RxSwift: e2dc62b366a3adf6a0be44ba9f405efd4c94e0c4
  RxTest: 0132f952a61da82d5233abedaa559df91e5330e5
  SwiftyBeaver: 3d3e93a12d648bd400b6f2948a7ef128b5b183c7

PODFILE CHECKSUM: bd77a9905473f3068ccf50aa8d0d823d191d94ac

COCOAPODS: 1.8.4
